{
  "version": 4,
  "terraform_version": "1.1.0",
  "serial": 74,
  "lineage": "3862cdfc-11f2-20d5-1bd7-38056b019241",
  "outputs": {
    "sshcommand": {
      "value": "ssh root@150.239.83.172",
      "type": "string"
    }
  },
  "resources": [
    {
      "mode": "data",
      "type": "ibm_is_image",
      "name": "centos",
      "provider": "provider[\"registry.terraform.io/ibm-cloud/ibm\"]",
      "instances": [
        {
          "schema_version": 0,
          "attributes": {
            "architecture": "amd64",
            "checksum": null,
            "crn": "crn:v1:bluemix:public:is:us-east:::image:r014-e0039ab2-fcc8-11e9-8a36-6ffb6501dd33",
            "encryption": "none",
            "encryption_key": null,
            "id": "r014-e0039ab2-fcc8-11e9-8a36-6ffb6501dd33",
            "identifier": null,
            "name": "ibm-centos-7-6-minimal-amd64-1",
            "os": "centos-7-amd64",
            "source_volume": null,
            "status": "deprecated",
            "visibility": "public"
          },
          "sensitive_attributes": []
        }
      ]
    },
    {
      "mode": "data",
      "type": "ibm_is_ssh_key",
      "name": "ssh_key_id",
      "provider": "provider[\"registry.terraform.io/ibm-cloud/ibm\"]",
      "instances": [
        {
          "schema_version": 0,
          "attributes": {
            "fingerprint": "SHA256:m28wqcMKq1OeTmRVVAfDVfZEdCxrAfORnbRmNEWypPk",
            "id": "r014-ce0a1523-73c6-492a-b0f7-9870e6e04616",
            "length": 4096,
            "name": "kh-ssh-key-dc",
            "public_key": "ssh-rsa AAAAB3NzaC1yc2EAAAADAQABAAACAQDRLAKTxBytjLIEAW1Q9QXPP5Y+lQYP2yja14WgZvpso0ET+bCVy4CXLRCnG6xMyzetD4Bxjk9pm3hqmvINq4NO73CvyzCHrIxueimz6vknn1mxDCz3N4zHGDcZudvoLO3i+QEs+UrwFQ+WZAKrWBjjEg62vZNZF20EEa3eclrwiNM+/5iIVVZySr8cbgECVC4h/WfbM6Ng27d1/7IWZBRbt/ugGqdZFVGUMMyVFQ1xZiPdCdDWbXry6YK4RlBknMQDz8npiVbjWZFmNCcnBfkJSHiiN/aevsrRPzv6mRi0eDlJfxIVpa1iImn8d+kv0ESfLyPsFzPw7eBO/vK5rgC+L1JGYSppd/b1GGfyP28M2nb+m5eReR+DZfTbEkiuRWwpIXaxatbSrq1JlRQ6Goq4nHKRjDdQ5pbKies7buRrEEyIAtPSGi9ovB6E5CJns6TodLhJZQE6+cCWgaFLkXXf29hZVdTZoixZtM/tbTZ8KOLjzjzSZ7OjTy/d2w0893IFUJr85naV55Jg1G58YanZbZZ1f6GUJT6aTQbX6YR+JREdhL3WRPjE0nefyhDP8CTbDdFejnswEfZzxnH1UcpPR2HxeNnZxWuv8tRjGyRIk/0w13zsCfMsi+kSnOcvMbiUxa4uDyQJQ1bNiGEP3gPFIMnCnfdivbJTBOLow6/x2w== kyung@ca.ibm.com",
            "resource_controller_url": "https://cloud.ibm.com/vpc/compute/sshKeys",
            "resource_crn": "crn:v1:bluemix:public:is:us-east:a/93d40f24fc25232b876cdc3dfa2a445b::key:r014-ce0a1523-73c6-492a-b0f7-9870e6e04616",
            "resource_group": null,
            "resource_group_name": "3190140d0a1440cc87a2e926af7e0e0f",
            "resource_name": "kh-ssh-key-dc",
            "type": "rsa"
          },
          "sensitive_attributes": []
        }
      ]
    },
    {
      "mode": "managed",
      "type": "ibm_is_floating_ip",
      "name": "fip1",
      "provider": "provider[\"registry.terraform.io/ibm-cloud/ibm\"]",
      "instances": [
        {
          "schema_version": 0,
          "attributes": {
            "address": "150.239.83.172",
            "id": "r014-77afebb7-376f-4e3f-957b-702e779f2bb3",
            "name": "kh-terra-fip1",
            "resource_controller_url": "https://cloud.ibm.com/vpc-ext/network/floatingIPs",
            "resource_crn": "crn:v1:bluemix:public:is:us-east-1:a/93d40f24fc25232b876cdc3dfa2a445b::floating-ip:r014-77afebb7-376f-4e3f-957b-702e779f2bb3",
            "resource_group": "169b87345750484e9fa3233516e45cf0",
            "resource_group_name": "Default",
            "resource_name": "kh-terra-fip1",
            "resource_status": "available",
            "status": "available",
            "tags": [],
            "target": "0757-7793e7ee-01a4-4ab3-9411-57309d83c4c4",
            "timeouts": null,
            "zone": "us-east-1"
          },
          "sensitive_attributes": [],
          "private": "eyJlMmJmYjczMC1lY2FhLTExZTYtOGY4OC0zNDM2M2JjN2M0YzAiOnsiY3JlYXRlIjo2MDAwMDAwMDAwMDAsImRlbGV0ZSI6NjAwMDAwMDAwMDAwfX0=",
          "dependencies": [
            "data.ibm_is_image.centos",
            "data.ibm_is_ssh_key.ssh_key_id",
            "ibm_is_instance.vsi1",
            "ibm_is_security_group.sg1",
            "ibm_is_subnet.subnet1",
            "ibm_is_vpc.vpc"
          ]
        }
      ]
    },
    {
      "mode": "managed",
      "type": "ibm_is_instance",
      "name": "vsi1",
      "provider": "provider[\"registry.terraform.io/ibm-cloud/ibm\"]",
      "instances": [
        {
          "schema_version": 0,
          "attributes": {
            "auto_delete_volume": null,
            "boot_volume": [
              {
                "encryption": "",
                "iops": 3000,
                "name": "ignore-gently-destruct-pronto",
                "profile": "general-purpose",
                "size": 100,
                "snapshot": ""
              }
            ],
            "dedicated_host": null,
            "dedicated_host_group": null,
            "disks": [],
            "force_recovery_time": null,
            "gpu": [],
            "id": "0757_ae054a00-ba3e-4b7a-8b9a-21f3b64cdcbd",
            "image": "r014-e0039ab2-fcc8-11e9-8a36-6ffb6501dd33",
            "instance_template": null,
            "keys": [
              "r014-ce0a1523-73c6-492a-b0f7-9870e6e04616"
            ],
            "memory": 4,
            "name": "kh-terra-vsi1",
            "network_interfaces": [],
            "placement_group": null,
            "placement_target": [],
            "primary_network_interface": [
              {
                "allow_ip_spoofing": false,
                "id": "0757-7793e7ee-01a4-4ab3-9411-57309d83c4c4",
                "name": "evolution-spousal-demotion-rare",
                "port_speed": 0,
                "primary_ipv4_address": "10.241.0.4",
                "security_groups": [
                  "r014-0982d190-46c5-4115-affd-f3ddf2fccb0c"
                ],
                "subnet": "0757-beefaf35-c2ab-412b-b68c-00af68f43a64"
              }
            ],
            "profile": "cx2-2x4",
            "resource_controller_url": "https://cloud.ibm.com/vpc-ext/compute/vs",
            "resource_crn": "crn:v1:bluemix:public:is:us-east-1:a/93d40f24fc25232b876cdc3dfa2a445b::instance:0757_ae054a00-ba3e-4b7a-8b9a-21f3b64cdcbd",
            "resource_group": "3190140d0a1440cc87a2e926af7e0e0f",
            "resource_group_name": "kh-resource-groups-01",
            "resource_name": "kh-terra-vsi1",
            "resource_status": "running",
            "status": "running",
            "status_reasons": [],
            "tags": [],
            "timeouts": null,
            "user_data": null,
            "vcpu": [
              {
                "architecture": "amd64",
                "count": 2
              }
            ],
            "volume_attachments": [
              {
                "id": "0757-44c6cd40-b533-4b54-8193-1b865883ef65",
                "name": "barterer-mushily-revolt-lisp",
                "volume_crn": "crn:v1:bluemix:public:is:us-east-1:a/93d40f24fc25232b876cdc3dfa2a445b::volume:r014-dffcf5c0-2f21-4e92-9ea4-b67e2ae40757",
                "volume_id": "r014-dffcf5c0-2f21-4e92-9ea4-b67e2ae40757",
                "volume_name": "ignore-gently-destruct-pronto"
              }
            ],
            "volumes": null,
            "vpc": "r014-c17577e6-5119-414e-aafc-051256e9471a",
            "wait_before_delete": true,
            "zone": "us-east-1"
          },
          "sensitive_attributes": [],
          "private": "eyJlMmJmYjczMC1lY2FhLTExZTYtOGY4OC0zNDM2M2JjN2M0YzAiOnsiY3JlYXRlIjoxODAwMDAwMDAwMDAwLCJkZWxldGUiOjE4MDAwMDAwMDAwMDAsInVwZGF0ZSI6MTgwMDAwMDAwMDAwMH19",
          "dependencies": [
            "data.ibm_is_image.centos",
            "data.ibm_is_ssh_key.ssh_key_id",
            "ibm_is_security_group.sg1",
            "ibm_is_subnet.subnet1",
            "ibm_is_vpc.vpc"
          ]
        }
      ]
    },
    {
      "mode": "managed",
      "type": "ibm_is_instance_volume_attachment",
      "name": "iac_attach_app_volume",
      "provider": "provider[\"registry.terraform.io/ibm-cloud/ibm\"]",
      "instances": [
        {
          "index_key": 0,
          "schema_version": 0,
          "attributes": {
            "capacity": 10,
            "delete_volume_on_attachment_delete": true,
            "delete_volume_on_instance_delete": false,
            "device": "0757-87a21f38-1ad0-4ed1-9951-0a1e9cfd45f2-xcz8l",
            "encryption_key": null,
            "href": "https://us-east.iaas.cloud.ibm.com/v1/instances/0757_ae054a00-ba3e-4b7a-8b9a-21f3b64cdcbd/volume_attachments/0757-87a21f38-1ad0-4ed1-9951-0a1e9cfd45f2",
            "id": "0757_ae054a00-ba3e-4b7a-8b9a-21f3b64cdcbd/0757-87a21f38-1ad0-4ed1-9951-0a1e9cfd45f2",
            "instance": "0757_ae054a00-ba3e-4b7a-8b9a-21f3b64cdcbd",
            "iops": 3000,
            "name": "kh-terra-volume-01-att",
            "profile": "5iops-tier",
            "snapshot": null,
            "status": "attached",
            "timeouts": null,
            "type": "data",
            "volume": "r014-14d6798c-3924-4e28-90c2-63ff5ef7cbcb",
            "volume_attachment_id": "0757-87a21f38-1ad0-4ed1-9951-0a1e9cfd45f2",
            "volume_crn": "crn:v1:bluemix:public:is:us-east-1:a/93d40f24fc25232b876cdc3dfa2a445b::volume:r014-14d6798c-3924-4e28-90c2-63ff5ef7cbcb",
            "volume_deleted": null,
            "volume_href": "https://us-east.iaas.cloud.ibm.com/v1/volumes/r014-14d6798c-3924-4e28-90c2-63ff5ef7cbcb",
            "volume_name": "kh-terra-volume-01"
          },
          "sensitive_attributes": [],
          "private": "eyJlMmJmYjczMC1lY2FhLTExZTYtOGY4OC0zNDM2M2JjN2M0YzAiOnsiY3JlYXRlIjo2MDAwMDAwMDAwMDAsImRlbGV0ZSI6NjAwMDAwMDAwMDAwLCJ1cGRhdGUiOjYwMDAwMDAwMDAwMH19",
          "dependencies": [
            "data.ibm_is_image.centos",
            "data.ibm_is_ssh_key.ssh_key_id",
            "ibm_is_instance.vsi1",
            "ibm_is_security_group.sg1",
            "ibm_is_subnet.subnet1",
            "ibm_is_volume.iac_app_volume",
            "ibm_is_vpc.vpc"
          ]
        }
      ]
    },
    {
      "mode": "managed",
      "type": "ibm_is_security_group",
      "name": "sg1",
      "provider": "provider[\"registry.terraform.io/ibm-cloud/ibm\"]",
      "instances": [
        {
          "schema_version": 0,
          "attributes": {
            "crn": "crn:v1:bluemix:public:is:us-east:a/93d40f24fc25232b876cdc3dfa2a445b::security-group:r014-0982d190-46c5-4115-affd-f3ddf2fccb0c",
            "id": "r014-0982d190-46c5-4115-affd-f3ddf2fccb0c",
            "name": "kh-terra-sg1",
            "resource_controller_url": "https://cloud.ibm.com/vpc-ext/network/securityGroups",
            "resource_crn": "crn:v1:bluemix:public:is:us-east:a/93d40f24fc25232b876cdc3dfa2a445b::security-group:r014-0982d190-46c5-4115-affd-f3ddf2fccb0c",
            "resource_group": "3190140d0a1440cc87a2e926af7e0e0f",
            "resource_group_name": "kh-resource-groups-01",
            "resource_name": "kh-terra-sg1",
            "rules": [],
            "tags": [],
            "vpc": "r014-c17577e6-5119-414e-aafc-051256e9471a"
          },
          "sensitive_attributes": [],
          "private": "bnVsbA==",
          "dependencies": [
            "ibm_is_vpc.vpc"
          ]
        }
      ]
    },
    {
      "mode": "managed",
      "type": "ibm_is_security_group_rule",
      "name": "icmp_all",
      "provider": "provider[\"registry.terraform.io/ibm-cloud/ibm\"]",
      "instances": [
        {
          "schema_version": 0,
          "attributes": {
            "direction": "inbound",
            "group": "r014-0982d190-46c5-4115-affd-f3ddf2fccb0c",
            "icmp": [
              {
                "code": 0,
                "type": 8
              }
            ],
            "id": "r014-0982d190-46c5-4115-affd-f3ddf2fccb0c.r014-0ebb3f9b-dcd8-4121-bd85-90cbd0778c3a",
            "ip_version": "ipv4",
            "protocol": "icmp",
            "related_crn": "crn:v1:bluemix:public:is:us-east:a/93d40f24fc25232b876cdc3dfa2a445b::security-group:r014-0982d190-46c5-4115-affd-f3ddf2fccb0c",
            "remote": "0.0.0.0/0",
            "rule_id": "r014-0ebb3f9b-dcd8-4121-bd85-90cbd0778c3a",
            "tcp": [],
            "udp": []
          },
          "sensitive_attributes": [],
          "private": "bnVsbA==",
          "dependencies": [
            "ibm_is_security_group.sg1",
            "ibm_is_vpc.vpc"
          ]
        }
      ]
    },
    {
      "mode": "managed",
      "type": "ibm_is_security_group_rule",
      "name": "ingress_ssh_all",
      "provider": "provider[\"registry.terraform.io/ibm-cloud/ibm\"]",
      "instances": [
        {
          "schema_version": 0,
          "attributes": {
            "direction": "inbound",
            "group": "r014-0982d190-46c5-4115-affd-f3ddf2fccb0c",
            "icmp": [],
            "id": "r014-0982d190-46c5-4115-affd-f3ddf2fccb0c.r014-6012a0f9-1f68-4c7a-9fca-6e47edb9bf23",
            "ip_version": "ipv4",
            "protocol": "tcp",
            "related_crn": "crn:v1:bluemix:public:is:us-east:a/93d40f24fc25232b876cdc3dfa2a445b::security-group:r014-0982d190-46c5-4115-affd-f3ddf2fccb0c",
            "remote": "0.0.0.0/0",
            "rule_id": "r014-6012a0f9-1f68-4c7a-9fca-6e47edb9bf23",
            "tcp": [
              {
                "port_max": 22,
                "port_min": 22
              }
            ],
            "udp": []
          },
          "sensitive_attributes": [],
          "private": "bnVsbA==",
          "dependencies": [
            "ibm_is_security_group.sg1",
            "ibm_is_vpc.vpc"
          ]
        }
      ]
    },
    {
      "mode": "managed",
      "type": "ibm_is_security_group_rule",
      "name": "sg_outbound",
      "provider": "provider[\"registry.terraform.io/ibm-cloud/ibm\"]",
      "instances": [
        {
          "schema_version": 0,
          "attributes": {
            "direction": "outbound",
            "group": "r014-0982d190-46c5-4115-affd-f3ddf2fccb0c",
            "icmp": [],
            "id": "r014-0982d190-46c5-4115-affd-f3ddf2fccb0c.r014-e668f4ac-fbdc-4b05-9ca2-25d3224b2e14",
            "ip_version": "ipv4",
            "protocol": "all",
            "related_crn": "crn:v1:bluemix:public:is:us-east:a/93d40f24fc25232b876cdc3dfa2a445b::security-group:r014-0982d190-46c5-4115-affd-f3ddf2fccb0c",
            "remote": "0.0.0.0/0",
            "rule_id": "r014-e668f4ac-fbdc-4b05-9ca2-25d3224b2e14",
            "tcp": [],
            "udp": []
          },
          "sensitive_attributes": [],
          "private": "bnVsbA==",
          "dependencies": [
            "ibm_is_security_group.sg1",
            "ibm_is_vpc.vpc"
          ]
        }
      ]
    },
    {
      "mode": "managed",
      "type": "ibm_is_subnet",
      "name": "subnet1",
      "provider": "provider[\"registry.terraform.io/ibm-cloud/ibm\"]",
      "instances": [
        {
          "schema_version": 0,
          "attributes": {
            "access_tags": [],
            "available_ipv4_address_count": 251,
            "crn": "crn:v1:bluemix:public:is:us-east-1:a/93d40f24fc25232b876cdc3dfa2a445b::subnet:0757-beefaf35-c2ab-412b-b68c-00af68f43a64",
            "id": "0757-beefaf35-c2ab-412b-b68c-00af68f43a64",
            "ip_version": "ipv4",
            "ipv4_cidr_block": "10.241.0.0/24",
            "name": "kh-terra-subnet1",
            "network_acl": "r014-2cc84d03-cf44-492d-a9a0-f2a9fcd44984",
            "public_gateway": "",
            "resource_controller_url": "https://cloud.ibm.com/vpc-ext/network/subnets",
            "resource_crn": "crn:v1:bluemix:public:is:us-east-1:a/93d40f24fc25232b876cdc3dfa2a445b::subnet:0757-beefaf35-c2ab-412b-b68c-00af68f43a64",
            "resource_group": "3190140d0a1440cc87a2e926af7e0e0f",
            "resource_group_name": "kh-resource-groups-01",
            "resource_name": "kh-terra-subnet1",
            "resource_status": "available",
            "routing_table": "r014-c11d9c6a-370b-469a-b5ea-ffc3cc45fcab",
            "status": "available",
            "tags": [],
            "timeouts": null,
            "total_ipv4_address_count": 256,
            "vpc": "r014-c17577e6-5119-414e-aafc-051256e9471a",
            "zone": "us-east-1"
          },
          "sensitive_attributes": [],
          "private": "eyJlMmJmYjczMC1lY2FhLTExZTYtOGY4OC0zNDM2M2JjN2M0YzAiOnsiY3JlYXRlIjo2MDAwMDAwMDAwMDAsImRlbGV0ZSI6NjAwMDAwMDAwMDAwLCJ1cGRhdGUiOjYwMDAwMDAwMDAwMH19",
          "dependencies": [
            "ibm_is_vpc.vpc"
          ]
        }
      ]
    },
    {
      "mode": "managed",
      "type": "ibm_is_volume",
      "name": "iac_app_volume",
      "provider": "provider[\"registry.terraform.io/ibm-cloud/ibm\"]",
      "instances": [
        {
          "index_key": 0,
          "schema_version": 0,
          "attributes": {
            "capacity": 10,
            "crn": "crn:v1:bluemix:public:is:us-east-1:a/93d40f24fc25232b876cdc3dfa2a445b::volume:r014-14d6798c-3924-4e28-90c2-63ff5ef7cbcb",
            "delete_all_snapshots": null,
            "encryption_key": null,
            "encryption_type": "provider_managed",
            "id": "r014-14d6798c-3924-4e28-90c2-63ff5ef7cbcb",
            "iops": 3000,
            "name": "kh-terra-volume-01",
            "profile": "5iops-tier",
            "resource_controller_url": "https://cloud.ibm.com/vpc-ext/storage/storageVolumes",
            "resource_crn": "crn:v1:bluemix:public:is:us-east-1:a/93d40f24fc25232b876cdc3dfa2a445b::volume:r014-14d6798c-3924-4e28-90c2-63ff5ef7cbcb",
            "resource_group": "3190140d0a1440cc87a2e926af7e0e0f",
            "resource_group_name": "kh-resource-groups-01",
            "resource_name": "kh-terra-volume-01",
            "resource_status": "available",
            "source_snapshot": null,
            "status": "available",
            "status_reasons": [],
            "tags": [],
            "timeouts": null,
            "zone": "us-east-1"
          },
          "sensitive_attributes": [],
          "private": "eyJlMmJmYjczMC1lY2FhLTExZTYtOGY4OC0zNDM2M2JjN2M0YzAiOnsiY3JlYXRlIjo2MDAwMDAwMDAwMDAsImRlbGV0ZSI6NjAwMDAwMDAwMDAwfX0="
        }
      ]
    },
    {
      "mode": "managed",
      "type": "ibm_is_vpc",
      "name": "vpc",
      "provider": "provider[\"registry.terraform.io/ibm-cloud/ibm\"]",
      "instances": [
        {
          "schema_version": 0,
          "attributes": {
            "address_prefix_management": "auto",
            "classic_access": false,
            "crn": "crn:v1:bluemix:public:is:us-east:a/93d40f24fc25232b876cdc3dfa2a445b::vpc:r014-c17577e6-5119-414e-aafc-051256e9471a",
            "cse_source_addresses": [
              {
                "address": "10.12.102.178",
                "zone_name": "us-east-1"
              },
              {
                "address": "10.22.49.99",
                "zone_name": "us-east-2"
              },
              {
                "address": "10.22.58.177",
                "zone_name": "us-east-3"
              }
            ],
            "default_network_acl": "r014-2cc84d03-cf44-492d-a9a0-f2a9fcd44984",
            "default_network_acl_crn": "crn:v1:bluemix:public:is:us-east:a/93d40f24fc25232b876cdc3dfa2a445b::network-acl:r014-2cc84d03-cf44-492d-a9a0-f2a9fcd44984",
            "default_network_acl_name": "dislike-impearls-expenses-elevation",
            "default_routing_table": "r014-c11d9c6a-370b-469a-b5ea-ffc3cc45fcab",
            "default_routing_table_name": "unwary-shone-facing-blue",
            "default_security_group": "r014-9a6566dc-f97b-43ab-b2f7-c9499fc8238a",
            "default_security_group_crn": "crn:v1:bluemix:public:is:us-east:a/93d40f24fc25232b876cdc3dfa2a445b::security-group:r014-9a6566dc-f97b-43ab-b2f7-c9499fc8238a",
            "default_security_group_name": "headpiece-freefall-retread-utensil",
            "id": "r014-c17577e6-5119-414e-aafc-051256e9471a",
            "name": "kh-terra-vpc",
            "resource_controller_url": "https://cloud.ibm.com/vpc-ext/network/vpcs",
            "resource_crn": "crn:v1:bluemix:public:is:us-east:a/93d40f24fc25232b876cdc3dfa2a445b::vpc:r014-c17577e6-5119-414e-aafc-051256e9471a",
            "resource_group": "169b87345750484e9fa3233516e45cf0",
            "resource_group_name": "Default",
            "resource_name": "kh-terra-vpc",
            "resource_status": "available",
            "security_group": [
              {
                "group_id": "r014-9a6566dc-f97b-43ab-b2f7-c9499fc8238a",
                "group_name": "headpiece-freefall-retread-utensil",
                "rules": [
                  {
                    "code": 0,
                    "direction": "outbound",
                    "ip_version": "ipv4",
                    "port_max": 0,
                    "port_min": 0,
                    "protocol": "all",
                    "remote": "0.0.0.0/0",
                    "rule_id": "r014-f817bb8a-e8f8-4985-9716-4da7b57d46a4",
                    "type": 0
                  },
                  {
                    "code": 0,
                    "direction": "inbound",
                    "ip_version": "ipv4",
                    "port_max": 0,
                    "port_min": 0,
                    "protocol": "all",
                    "remote": "r014-9a6566dc-f97b-43ab-b2f7-c9499fc8238a",
                    "rule_id": "r014-1a68f8b2-fbf7-450d-a9ec-466ddebc7a3c",
                    "type": 0
                  }
                ]
              }
            ],
            "status": "available",
            "subnets": [],
            "tags": [],
            "timeouts": null
          },
          "sensitive_attributes": [],
          "private": "eyJlMmJmYjczMC1lY2FhLTExZTYtOGY4OC0zNDM2M2JjN2M0YzAiOnsiY3JlYXRlIjo2MDAwMDAwMDAwMDAsImRlbGV0ZSI6NjAwMDAwMDAwMDAwfX0="
        }
      ]
    }
  ]
}
